
Microsoft Visual Studio Solution File, Format Version 12.00
# Visual Studio Version 17
VisualStudioVersion = 17.11.35312.102
MinimumVisualStudioVersion = 10.0.40219.1
Project("{9A19103F-16F7-4668-BE54-9A1E7A4F7556}") = "OmniRigMQTT", "OmniRigMQTT.csproj", "{1E1AF6AA-E71C-44D6-B194-D42C96F1560D}"
EndProject
Global
	GlobalSection(SolutionConfigurationPlatforms) = preSolution
		Debug|Any CPU = Debug|Any CPU
		Release|Any CPU = Release|Any CPU
	EndGlobalSection
	GlobalSection(ProjectConfigurationPlatforms) = postSolution
		{1E1AF6AA-E71C-44D6-B194-D42C96F1560D}.Debug|Any CPU.ActiveCfg = Debug|Any CPU
		{1E1AF6AA-E71C-44D6-B194-D42C96F1560D}.Debug|Any CPU.Build.0 = Debug|Any CPU
		{1E1AF6AA-E71C-44D6-B194-D42C96F1560D}.Release|Any CPU.ActiveCfg = Release|Any CPU
		{1E1AF6AA-E71C-44D6-B194-D42C96F1560D}.Release|Any CPU.Build.0 = Release|Any CPU
	EndGlobalSection
	GlobalSection(SolutionProperties) = preSolution
		HideSolutionNode = FALSE
	EndGlobalSection
	GlobalSection(ExtensibilityGlobals) = postSolution
		SolutionGuid = {5DBEA7C1-D4D9-4FCE-B3E9-E2E69F096D3F}
	EndGlobalSection
EndGlobal
